
Microsoft Visual Studio Solution File, Format Version 12.00
# Visual Studio Version 17
VisualStudioVersion = 17.4.33205.214
MinimumVisualStudioVersion = 10.0.40219.1
Project("{FAE04EC0-301F-11D3-BF4B-00C04F79EFBC}") = "CopyProjectUnixPath", "CopyProjectUnixPath.csproj", "{A89DFAD7-A66B-4340-8A81-0F1B0E274E85}"
EndProject
Global
	GlobalSection(SolutionConfigurationPlatforms) = preSolution
		Debug|Any CPU = Debug|Any CPU
		Debug|arm64 = Debug|arm64
		Debug|x86 = Debug|x86
		Release|Any CPU = Release|Any CPU
		Release|arm64 = Release|arm64
		Release|x86 = Release|x86
	EndGlobalSection
	GlobalSection(ProjectConfigurationPlatforms) = postSolution
		{A89DFAD7-A66B-4340-8A81-0F1B0E274E85}.Debug|Any CPU.ActiveCfg = Debug|Any CPU
		{A89DFAD7-A66B-4340-8A81-0F1B0E274E85}.Debug|Any CPU.Build.0 = Debug|Any CPU
		{A89DFAD7-A66B-4340-8A81-0F1B0E274E85}.Debug|arm64.ActiveCfg = Debug|arm64
		{A89DFAD7-A66B-4340-8A81-0F1B0E274E85}.Debug|arm64.Build.0 = Debug|arm64
		{A89DFAD7-A66B-4340-8A81-0F1B0E274E85}.Debug|x86.ActiveCfg = Debug|x86
		{A89DFAD7-A66B-4340-8A81-0F1B0E274E85}.Debug|x86.Build.0 = Debug|x86
		{A89DFAD7-A66B-4340-8A81-0F1B0E274E85}.Release|Any CPU.ActiveCfg = Release|Any CPU
		{A89DFAD7-A66B-4340-8A81-0F1B0E274E85}.Release|Any CPU.Build.0 = Release|Any CPU
		{A89DFAD7-A66B-4340-8A81-0F1B0E274E85}.Release|arm64.ActiveCfg = Release|arm64
		{A89DFAD7-A66B-4340-8A81-0F1B0E274E85}.Release|arm64.Build.0 = Release|arm64
		{A89DFAD7-A66B-4340-8A81-0F1B0E274E85}.Release|x86.ActiveCfg = Release|x86
		{A89DFAD7-A66B-4340-8A81-0F1B0E274E85}.Release|x86.Build.0 = Release|x86
	EndGlobalSection
	GlobalSection(SolutionProperties) = preSolution
		HideSolutionNode = FALSE
	EndGlobalSection
	GlobalSection(ExtensibilityGlobals) = postSolution
		SolutionGuid = {58065E6A-7084-4E4A-BBF5-6C780724F5B3}
	EndGlobalSection
EndGlobal
